
Microsoft Visual Studio Solution File, Format Version 12.00
# Visual Studio Version 16
VisualStudioVersion = 16.0.33214.272
MinimumVisualStudioVersion = 10.0.40219.1
Project("{8BC9CEB8-8B4A-11D0-8D11-00A0C91BC942}") = "client", "client.vcxproj", "{CC80A493-EB92-4535-B603-B9E2247FA250}"
EndProject
Global
	GlobalSection(SolutionConfigurationPlatforms) = preSolution
		Debug|x64 = Debug|x64
		Debug|x86 = Debug|x86
		Release|x64 = Release|x64
		Release|x86 = Release|x86
	EndGlobalSection
	GlobalSection(ProjectConfigurationPlatforms) = postSolution
		{CC80A493-EB92-4535-B603-B9E2247FA250}.Debug|x64.ActiveCfg = Debug|x64
		{CC80A493-EB92-4535-B603-B9E2247FA250}.Debug|x64.Build.0 = Debug|x64
		{CC80A493-EB92-4535-B603-B9E2247FA250}.Debug|x86.ActiveCfg = Debug|Win32
		{CC80A493-EB92-4535-B603-B9E2247FA250}.Debug|x86.Build.0 = Debug|Win32
		{CC80A493-EB92-4535-B603-B9E2247FA250}.Release|x64.ActiveCfg = Release|x64
		{CC80A493-EB92-4535-B603-B9E2247FA250}.Release|x64.Build.0 = Release|x64
		{CC80A493-EB92-4535-B603-B9E2247FA250}.Release|x86.ActiveCfg = Release|Win32
		{CC80A493-EB92-4535-B603-B9E2247FA250}.Release|x86.Build.0 = Release|Win32
	EndGlobalSection
	GlobalSection(SolutionProperties) = preSolution
		HideSolutionNode = FALSE
	EndGlobalSection
	GlobalSection(ExtensibilityGlobals) = postSolution
		SolutionGuid = {C1437CA1-E166-445E-B4E9-FDAF708A01D9}
	EndGlobalSection
EndGlobal
