
Microsoft Visual Studio Solution File, Format Version 12.00
# Visual Studio Version 16
VisualStudioVersion = 16.0.33214.272
MinimumVisualStudioVersion = 10.0.40219.1
Project("{8BC9CEB8-8B4A-11D0-8D11-00A0C91BC942}") = "GUIclient", "GUIclient.vcxproj", "{AC1B8EAF-6EA5-4DE4-ADC5-A8463FC36937}"
EndProject
Global
	GlobalSection(SolutionConfigurationPlatforms) = preSolution
		Debug|x64 = Debug|x64
		Debug|x86 = Debug|x86
		Release|x64 = Release|x64
		Release|x86 = Release|x86
	EndGlobalSection
	GlobalSection(ProjectConfigurationPlatforms) = postSolution
		{AC1B8EAF-6EA5-4DE4-ADC5-A8463FC36937}.Debug|x64.ActiveCfg = Debug|x64
		{AC1B8EAF-6EA5-4DE4-ADC5-A8463FC36937}.Debug|x64.Build.0 = Debug|x64
		{AC1B8EAF-6EA5-4DE4-ADC5-A8463FC36937}.Debug|x86.ActiveCfg = Debug|Win32
		{AC1B8EAF-6EA5-4DE4-ADC5-A8463FC36937}.Debug|x86.Build.0 = Debug|Win32
		{AC1B8EAF-6EA5-4DE4-ADC5-A8463FC36937}.Release|x64.ActiveCfg = Release|x64
		{AC1B8EAF-6EA5-4DE4-ADC5-A8463FC36937}.Release|x64.Build.0 = Release|x64
		{AC1B8EAF-6EA5-4DE4-ADC5-A8463FC36937}.Release|x86.ActiveCfg = Release|Win32
		{AC1B8EAF-6EA5-4DE4-ADC5-A8463FC36937}.Release|x86.Build.0 = Release|Win32
	EndGlobalSection
	GlobalSection(SolutionProperties) = preSolution
		HideSolutionNode = FALSE
	EndGlobalSection
	GlobalSection(ExtensibilityGlobals) = postSolution
		SolutionGuid = {50D6687C-FC65-49EF-BF1A-190ED3EE4329}
	EndGlobalSection
EndGlobal
